
Microsoft Visual Studio Solution File, Format Version 12.00
# Visual Studio Version 17
VisualStudioVersion = 17.8.34316.72
MinimumVisualStudioVersion = 10.0.40219.1
Project("{2150E333-8FDC-42A3-9474-1A3956D46DE8}") = "Backend", "Backend", "{8320DFC3-7ABD-4B0B-AC8B-68A94F423482}"
EndProject
Project("{9A19103F-16F7-4668-BE54-9A1E7A4F7556}") = "B3.AvaliacaoDev.WebAPI", "Backend\B3.AvaliacaoDev.WebAPI\B3.AvaliacaoDev.WebAPI.csproj", "{131958CE-9A54-4FD3-AF8E-BEB67F419174}"
EndProject
Project("{2150E333-8FDC-42A3-9474-1A3956D46DE8}") = "Frontend", "Frontend", "{471A0966-797C-464C-8D67-6FDAF88ED222}"
EndProject
Project("{2150E333-8FDC-42A3-9474-1A3956D46DE8}") = "_SolutionItems", "_SolutionItems", "{AEFDC15B-B636-480D-A5EB-531787232C7F}"
	ProjectSection(SolutionItems) = preProject
		readme.md = readme.md
	EndProjectSection
EndProject
Project("{9A19103F-16F7-4668-BE54-9A1E7A4F7556}") = "B3.AvaliacaoDev.Domain", "Backend\B3.AvaliacaoDev.Domain\B3.AvaliacaoDev.Domain.csproj", "{19B43832-EDFE-4FFD-93B3-EBBFDA1A3A37}"
EndProject
Project("{9A19103F-16F7-4668-BE54-9A1E7A4F7556}") = "B3.AvaliacaoDev.UnitTesting", "Backend\B3.AvaliacaoDev.UnitTesting\B3.AvaliacaoDev.UnitTesting.csproj", "{3E72B054-4006-4789-8A6C-4CDEE4CBF81F}"
EndProject
Project("{E24C65DC-7377-472B-9ABA-BC803B73C61A}") = "B3.AvaliacaoDev.Client", "Frontend\B3.AvaliacaoDev.Client\", "{5E11CEB4-C855-430D-AD4B-D2D168DA74E8}"
	ProjectSection(WebsiteProperties) = preProject
		Debug.AspNetCompiler.VirtualPath = "/localhost_50553"
		Debug.AspNetCompiler.PhysicalPath = "Frontend\B3.AvaliacaoDev.Client\"
		Debug.AspNetCompiler.TargetPath = "PrecompiledWeb\localhost_50553\"
		Debug.AspNetCompiler.Updateable = "true"
		Debug.AspNetCompiler.ForceOverwrite = "true"
		Debug.AspNetCompiler.FixedNames = "false"
		Debug.AspNetCompiler.Debug = "True"
		Release.AspNetCompiler.VirtualPath = "/localhost_50553"
		Release.AspNetCompiler.PhysicalPath = "Frontend\B3.AvaliacaoDev.Client\"
		Release.AspNetCompiler.TargetPath = "PrecompiledWeb\localhost_50553\"
		Release.AspNetCompiler.Updateable = "true"
		Release.AspNetCompiler.ForceOverwrite = "true"
		Release.AspNetCompiler.FixedNames = "false"
		Release.AspNetCompiler.Debug = "False"
		VWDPort = "50553"
		SlnRelativePath = "Frontend\B3.AvaliacaoDev.Client\"
	EndProjectSection
	ProjectSection(WebsiteProperties) = preProject
		TargetFrameworkMoniker = ".NETFramework,Version%3Dv4.8"
		Debug.AspNetCompiler.VirtualPath = "/localhost_63926"
		Debug.AspNetCompiler.PhysicalPath = "Frontend\B3.AvaliacaoDev\"
		Debug.AspNetCompiler.TargetPath = "PrecompiledWeb\localhost_63926\"
		Debug.AspNetCompiler.Updateable = "true"
		Debug.AspNetCompiler.ForceOverwrite = "true"
		Debug.AspNetCompiler.FixedNames = "false"
		Debug.AspNetCompiler.Debug = "True"
		Release.AspNetCompiler.VirtualPath = "/localhost_63926"
		Release.AspNetCompiler.PhysicalPath = "Frontend\B3.AvaliacaoDev\"
		Release.AspNetCompiler.TargetPath = "PrecompiledWeb\localhost_63926\"
		Release.AspNetCompiler.Updateable = "true"
		Release.AspNetCompiler.ForceOverwrite = "true"
		Release.AspNetCompiler.FixedNames = "false"
		Release.AspNetCompiler.Debug = "False"
		VWDPort = "63926"
		SlnRelativePath = "Frontend\B3.AvaliacaoDev\"
	EndProjectSection
EndProject
Global
	GlobalSection(SolutionConfigurationPlatforms) = preSolution
		Debug|Any CPU = Debug|Any CPU
		Release|Any CPU = Release|Any CPU
	EndGlobalSection
	GlobalSection(ProjectConfigurationPlatforms) = postSolution
		{131958CE-9A54-4FD3-AF8E-BEB67F419174}.Debug|Any CPU.ActiveCfg = Debug|Any CPU
		{131958CE-9A54-4FD3-AF8E-BEB67F419174}.Debug|Any CPU.Build.0 = Debug|Any CPU
		{131958CE-9A54-4FD3-AF8E-BEB67F419174}.Release|Any CPU.ActiveCfg = Release|Any CPU
		{131958CE-9A54-4FD3-AF8E-BEB67F419174}.Release|Any CPU.Build.0 = Release|Any CPU
		{19B43832-EDFE-4FFD-93B3-EBBFDA1A3A37}.Debug|Any CPU.ActiveCfg = Debug|Any CPU
		{19B43832-EDFE-4FFD-93B3-EBBFDA1A3A37}.Debug|Any CPU.Build.0 = Debug|Any CPU
		{19B43832-EDFE-4FFD-93B3-EBBFDA1A3A37}.Release|Any CPU.ActiveCfg = Release|Any CPU
		{19B43832-EDFE-4FFD-93B3-EBBFDA1A3A37}.Release|Any CPU.Build.0 = Release|Any CPU
		{3E72B054-4006-4789-8A6C-4CDEE4CBF81F}.Debug|Any CPU.ActiveCfg = Debug|Any CPU
		{3E72B054-4006-4789-8A6C-4CDEE4CBF81F}.Debug|Any CPU.Build.0 = Debug|Any CPU
		{3E72B054-4006-4789-8A6C-4CDEE4CBF81F}.Release|Any CPU.ActiveCfg = Release|Any CPU
		{3E72B054-4006-4789-8A6C-4CDEE4CBF81F}.Release|Any CPU.Build.0 = Release|Any CPU
		{5E11CEB4-C855-430D-AD4B-D2D168DA74E8}.Debug|Any CPU.ActiveCfg = Debug|Any CPU
		{5E11CEB4-C855-430D-AD4B-D2D168DA74E8}.Release|Any CPU.ActiveCfg = Debug|Any CPU
		{5E11CEB4-C855-430D-AD4B-D2D168DA74E8}.Release|Any CPU.Build.0 = Debug|Any CPU
	EndGlobalSection
	GlobalSection(SolutionProperties) = preSolution
		HideSolutionNode = FALSE
	EndGlobalSection
	GlobalSection(NestedProjects) = preSolution
		{131958CE-9A54-4FD3-AF8E-BEB67F419174} = {8320DFC3-7ABD-4B0B-AC8B-68A94F423482}
		{19B43832-EDFE-4FFD-93B3-EBBFDA1A3A37} = {8320DFC3-7ABD-4B0B-AC8B-68A94F423482}
		{3E72B054-4006-4789-8A6C-4CDEE4CBF81F} = {8320DFC3-7ABD-4B0B-AC8B-68A94F423482}
		{5E11CEB4-C855-430D-AD4B-D2D168DA74E8} = {471A0966-797C-464C-8D67-6FDAF88ED222}
	EndGlobalSection
	GlobalSection(ExtensibilityGlobals) = postSolution
		SolutionGuid = {C40D3EC4-D08C-485D-9A48-491796215E93}
	EndGlobalSection
EndGlobal
